{
  "name": "dkbu.github.io",
  "lockfileVersion": 3,
  "requires": true,
  "packages": {
    "": {
      "name": "dkbu.github.io",
      "dependencies": {
        "InterlockingPatchMaker": "https://github.com/dkbu/InterlockingPatches.git",
        "quest-task-manager": "https://github.com/dkbu/Quest/releases/download/v1.0.0/quest-task-manager-1.0.0.tgz",
        "water-your-friends": "https://github.com/dkbu/wyf_js/releases/download/v1.0.0/water-your-friends-1.0.0.tgz"
      }
    },
    "node_modules/InterlockingPatchMaker": {
      "resolved": "git+ssh://git@github.com/dkbu/InterlockingPatches.git#05274261b3bb08b3755a8c3e289aff19a9558e94"
    },
    "node_modules/quest-task-manager": {
      "version": "1.0.0",
      "resolved": "https://github.com/dkbu/Quest/releases/download/v1.0.0/quest-task-manager-1.0.0.tgz",
      "integrity": "sha512-IeSTOxFNWuLn5SiFQjvQkhwx4GRpVP0Dx7ru2o/0yhlFXSGZanGzDp7yvmZY78iM6WpbaZ+S1IJnbd8awHIGkA==",
      "license": "MIT"
    },
    "node_modules/water-your-friends": {
      "version": "1.0.0",
      "resolved": "https://github.com/dkbu/wyf_js/releases/download/v1.0.0/water-your-friends-1.0.0.tgz",
      "integrity": "sha512-2BPWXL2BhMPaKWZ2j1dYnlEv5ytoD7xJJcbYz2s0fO2E9TVqwjy6OPGlkryaWiV3Gr7lFguYmGOIY5P05FdYEA==",
      "license": "MIT",
      "engines": {
        "node": ">=12.0.0"
      }
    }
  }
}
