{
  "name": "dkbu.github.io",
  "lockfileVersion": 3,
  "requires": true,
  "packages": {
    "": {
      "name": "dkbu.github.io",
      "dependencies": {
        "InterlockingPatchMaker": "https://github.com/dkbu/InterlockingPatches.git",
        "quest-task-manager": "https://github.com/dkbu/Quest/releases/download/v1.0.0/quest-task-manager-1.0.0.tgz"
      }
    },
    "node_modules/InterlockingPatchMaker": {
      "resolved": "git+ssh://git@github.com/dkbu/InterlockingPatches.git#05274261b3bb08b3755a8c3e289aff19a9558e94"
    },
    "node_modules/quest-task-manager": {
      "version": "1.0.0",
      "resolved": "https://github.com/dkbu/Quest/releases/download/v1.0.0/quest-task-manager-1.0.0.tgz",
      "integrity": "sha512-KjDEk6Gv9kazx0gRGSHRmUmbOm12dcfwclbhXmYBBWi1Rocgxc2bx5y/nsa+wUA7ozOYOUi5s5oa2dVeYFthng==",
      "license": "MIT"
    }
  }
}
